
Microsoft Visual Studio Solution File, Format Version 12.00
# Visual Studio Version 16
VisualStudioVersion = 16.0.30611.23
MinimumVisualStudioVersion = 10.0.40219.1
Project("{6EC3EE1D-3C4E-46DD-8F32-0CC8E7565705}") = "Day1", "Day1\Day1.fsproj", "{BAF9BEBC-FFC3-423C-A964-F21682C13778}"
EndProject
Project("{6EC3EE1D-3C4E-46DD-8F32-0CC8E7565705}") = "Util", "Util\Util.fsproj", "{F9AF3FB5-8312-4081-9E54-A62BA5B40CDF}"
EndProject
Project("{6EC3EE1D-3C4E-46DD-8F32-0CC8E7565705}") = "Day2", "Day2\Day2.fsproj", "{466C24FF-C64D-4998-AF5A-0C2723FA1FE4}"
EndProject
Project("{F2A71F9B-5D33-465A-A702-920D77279786}") = "Day3", "Day3\Day3.fsproj", "{5E9BA995-CBD5-472B-A640-8BECE0007242}"
EndProject
Global
	GlobalSection(SolutionConfigurationPlatforms) = preSolution
		Debug|Any CPU = Debug|Any CPU
		Release|Any CPU = Release|Any CPU
	EndGlobalSection
	GlobalSection(ProjectConfigurationPlatforms) = postSolution
		{BAF9BEBC-FFC3-423C-A964-F21682C13778}.Debug|Any CPU.ActiveCfg = Debug|Any CPU
		{BAF9BEBC-FFC3-423C-A964-F21682C13778}.Debug|Any CPU.Build.0 = Debug|Any CPU
		{BAF9BEBC-FFC3-423C-A964-F21682C13778}.Release|Any CPU.ActiveCfg = Release|Any CPU
		{BAF9BEBC-FFC3-423C-A964-F21682C13778}.Release|Any CPU.Build.0 = Release|Any CPU
		{F9AF3FB5-8312-4081-9E54-A62BA5B40CDF}.Debug|Any CPU.ActiveCfg = Debug|Any CPU
		{F9AF3FB5-8312-4081-9E54-A62BA5B40CDF}.Debug|Any CPU.Build.0 = Debug|Any CPU
		{F9AF3FB5-8312-4081-9E54-A62BA5B40CDF}.Release|Any CPU.ActiveCfg = Release|Any CPU
		{F9AF3FB5-8312-4081-9E54-A62BA5B40CDF}.Release|Any CPU.Build.0 = Release|Any CPU
		{466C24FF-C64D-4998-AF5A-0C2723FA1FE4}.Debug|Any CPU.ActiveCfg = Debug|Any CPU
		{466C24FF-C64D-4998-AF5A-0C2723FA1FE4}.Debug|Any CPU.Build.0 = Debug|Any CPU
		{466C24FF-C64D-4998-AF5A-0C2723FA1FE4}.Release|Any CPU.ActiveCfg = Release|Any CPU
		{466C24FF-C64D-4998-AF5A-0C2723FA1FE4}.Release|Any CPU.Build.0 = Release|Any CPU
		{5E9BA995-CBD5-472B-A640-8BECE0007242}.Debug|Any CPU.ActiveCfg = Debug|Any CPU
		{5E9BA995-CBD5-472B-A640-8BECE0007242}.Debug|Any CPU.Build.0 = Debug|Any CPU
		{5E9BA995-CBD5-472B-A640-8BECE0007242}.Release|Any CPU.ActiveCfg = Release|Any CPU
		{5E9BA995-CBD5-472B-A640-8BECE0007242}.Release|Any CPU.Build.0 = Release|Any CPU
	EndGlobalSection
	GlobalSection(SolutionProperties) = preSolution
		HideSolutionNode = FALSE
	EndGlobalSection
	GlobalSection(ExtensibilityGlobals) = postSolution
		SolutionGuid = {DD3FD514-8DC5-40AC-9BC4-5D6645EBAC74}
	EndGlobalSection
EndGlobal
